
Microsoft Visual Studio Solution File, Format Version 12.00
# Visual Studio 14
VisualStudioVersion = 14.0.25420.1
MinimumVisualStudioVersion = 10.0.40219.1
Project("{8BC9CEB8-8B4A-11D0-8D11-00A0C91BC942}") = "Coursework.Part1", "Coursework.Part1\Coursework.Part1.vcxproj", "{87F56C69-C02D-4581-8416-B03A6286AC4F}"
EndProject
Project("{8BC9CEB8-8B4A-11D0-8D11-00A0C91BC942}") = "Coursework.Part2", "Coursework.Part2\Coursework.Part2.vcxproj", "{8733FC03-69FE-4291-8785-E9C8F507E190}"
EndProject
Global
	GlobalSection(SolutionConfigurationPlatforms) = preSolution
		Debug|x64 = Debug|x64
		Debug|x86 = Debug|x86
		Release|x64 = Release|x64
		Release|x86 = Release|x86
	EndGlobalSection
	GlobalSection(ProjectConfigurationPlatforms) = postSolution
		{87F56C69-C02D-4581-8416-B03A6286AC4F}.Debug|x64.ActiveCfg = Debug|x64
		{87F56C69-C02D-4581-8416-B03A6286AC4F}.Debug|x64.Build.0 = Debug|x64
		{87F56C69-C02D-4581-8416-B03A6286AC4F}.Debug|x86.ActiveCfg = Debug|Win32
		{87F56C69-C02D-4581-8416-B03A6286AC4F}.Debug|x86.Build.0 = Debug|Win32
		{87F56C69-C02D-4581-8416-B03A6286AC4F}.Release|x64.ActiveCfg = Release|x64
		{87F56C69-C02D-4581-8416-B03A6286AC4F}.Release|x64.Build.0 = Release|x64
		{87F56C69-C02D-4581-8416-B03A6286AC4F}.Release|x86.ActiveCfg = Release|Win32
		{87F56C69-C02D-4581-8416-B03A6286AC4F}.Release|x86.Build.0 = Release|Win32
		{8733FC03-69FE-4291-8785-E9C8F507E190}.Debug|x64.ActiveCfg = Debug|x64
		{8733FC03-69FE-4291-8785-E9C8F507E190}.Debug|x64.Build.0 = Debug|x64
		{8733FC03-69FE-4291-8785-E9C8F507E190}.Debug|x86.ActiveCfg = Debug|Win32
		{8733FC03-69FE-4291-8785-E9C8F507E190}.Debug|x86.Build.0 = Debug|Win32
		{8733FC03-69FE-4291-8785-E9C8F507E190}.Release|x64.ActiveCfg = Release|x64
		{8733FC03-69FE-4291-8785-E9C8F507E190}.Release|x64.Build.0 = Release|x64
		{8733FC03-69FE-4291-8785-E9C8F507E190}.Release|x86.ActiveCfg = Release|Win32
		{8733FC03-69FE-4291-8785-E9C8F507E190}.Release|x86.Build.0 = Release|Win32
	EndGlobalSection
	GlobalSection(SolutionProperties) = preSolution
		HideSolutionNode = FALSE
	EndGlobalSection
EndGlobal
