
Microsoft Visual Studio Solution File, Format Version 12.00
# Visual Studio 14
VisualStudioVersion = 14.0.25420.1
MinimumVisualStudioVersion = 10.0.40219.1
Project("{8BC9CEB8-8B4A-11D0-8D11-00A0C91BC942}") = "Gpu", "Gpu\Gpu.vcxproj", "{E99F5DFC-113A-4BC3-8253-90A6AC0C9A9D}"
EndProject
Project("{8BC9CEB8-8B4A-11D0-8D11-00A0C91BC942}") = "Cpu", "Cpu\Cpu.vcxproj", "{20C0489D-4BB1-404C-9777-B0FA78EA1F40}"
EndProject
Project("{FAE04EC0-301F-11D3-BF4B-00C04F79EFBC}") = "Viewer", "Viewer\Viewer.csproj", "{2BECA809-04C9-4848-B90F-9C63C0B8C062}"
EndProject
Project("{8BC9CEB8-8B4A-11D0-8D11-00A0C91BC942}") = "Visualiser", "Visualiser\Visualiser.vcxproj", "{E74BF14F-BF02-42DF-98DD-98DB6180F47A}"
EndProject
Project("{8BC9CEB8-8B4A-11D0-8D11-00A0C91BC942}") = "Library", "Library\Library.vcxproj", "{5C7E2841-5572-486D-A8EA-FF5716837F2E}"
EndProject
Global
	GlobalSection(SolutionConfigurationPlatforms) = preSolution
		Debug|Any CPU = Debug|Any CPU
		Debug|x64 = Debug|x64
		Debug|x86 = Debug|x86
		Release|Any CPU = Release|Any CPU
		Release|x64 = Release|x64
		Release|x86 = Release|x86
	EndGlobalSection
	GlobalSection(ProjectConfigurationPlatforms) = postSolution
		{E99F5DFC-113A-4BC3-8253-90A6AC0C9A9D}.Debug|Any CPU.ActiveCfg = Debug|Win32
		{E99F5DFC-113A-4BC3-8253-90A6AC0C9A9D}.Debug|x64.ActiveCfg = Debug|x64
		{E99F5DFC-113A-4BC3-8253-90A6AC0C9A9D}.Debug|x64.Build.0 = Debug|x64
		{E99F5DFC-113A-4BC3-8253-90A6AC0C9A9D}.Debug|x86.ActiveCfg = Debug|Win32
		{E99F5DFC-113A-4BC3-8253-90A6AC0C9A9D}.Debug|x86.Build.0 = Debug|Win32
		{E99F5DFC-113A-4BC3-8253-90A6AC0C9A9D}.Release|Any CPU.ActiveCfg = Release|Win32
		{E99F5DFC-113A-4BC3-8253-90A6AC0C9A9D}.Release|x64.ActiveCfg = Release|x64
		{E99F5DFC-113A-4BC3-8253-90A6AC0C9A9D}.Release|x64.Build.0 = Release|x64
		{E99F5DFC-113A-4BC3-8253-90A6AC0C9A9D}.Release|x86.ActiveCfg = Release|Win32
		{E99F5DFC-113A-4BC3-8253-90A6AC0C9A9D}.Release|x86.Build.0 = Release|Win32
		{20C0489D-4BB1-404C-9777-B0FA78EA1F40}.Debug|Any CPU.ActiveCfg = Debug|Win32
		{20C0489D-4BB1-404C-9777-B0FA78EA1F40}.Debug|x64.ActiveCfg = Debug|x64
		{20C0489D-4BB1-404C-9777-B0FA78EA1F40}.Debug|x64.Build.0 = Debug|x64
		{20C0489D-4BB1-404C-9777-B0FA78EA1F40}.Debug|x86.ActiveCfg = Debug|Win32
		{20C0489D-4BB1-404C-9777-B0FA78EA1F40}.Debug|x86.Build.0 = Debug|Win32
		{20C0489D-4BB1-404C-9777-B0FA78EA1F40}.Release|Any CPU.ActiveCfg = Release|Win32
		{20C0489D-4BB1-404C-9777-B0FA78EA1F40}.Release|x64.ActiveCfg = Release|x64
		{20C0489D-4BB1-404C-9777-B0FA78EA1F40}.Release|x64.Build.0 = Release|x64
		{20C0489D-4BB1-404C-9777-B0FA78EA1F40}.Release|x86.ActiveCfg = Release|Win32
		{20C0489D-4BB1-404C-9777-B0FA78EA1F40}.Release|x86.Build.0 = Release|Win32
		{2BECA809-04C9-4848-B90F-9C63C0B8C062}.Debug|Any CPU.ActiveCfg = Debug|Any CPU
		{2BECA809-04C9-4848-B90F-9C63C0B8C062}.Debug|Any CPU.Build.0 = Debug|Any CPU
		{2BECA809-04C9-4848-B90F-9C63C0B8C062}.Debug|x64.ActiveCfg = Debug|Any CPU
		{2BECA809-04C9-4848-B90F-9C63C0B8C062}.Debug|x64.Build.0 = Debug|Any CPU
		{2BECA809-04C9-4848-B90F-9C63C0B8C062}.Debug|x86.ActiveCfg = Debug|Any CPU
		{2BECA809-04C9-4848-B90F-9C63C0B8C062}.Debug|x86.Build.0 = Debug|Any CPU
		{2BECA809-04C9-4848-B90F-9C63C0B8C062}.Release|Any CPU.ActiveCfg = Release|Any CPU
		{2BECA809-04C9-4848-B90F-9C63C0B8C062}.Release|Any CPU.Build.0 = Release|Any CPU
		{2BECA809-04C9-4848-B90F-9C63C0B8C062}.Release|x64.ActiveCfg = Release|Any CPU
		{2BECA809-04C9-4848-B90F-9C63C0B8C062}.Release|x64.Build.0 = Release|Any CPU
		{2BECA809-04C9-4848-B90F-9C63C0B8C062}.Release|x86.ActiveCfg = Release|Any CPU
		{2BECA809-04C9-4848-B90F-9C63C0B8C062}.Release|x86.Build.0 = Release|Any CPU
		{E74BF14F-BF02-42DF-98DD-98DB6180F47A}.Debug|Any CPU.ActiveCfg = Debug|Win32
		{E74BF14F-BF02-42DF-98DD-98DB6180F47A}.Debug|x64.ActiveCfg = Debug|x64
		{E74BF14F-BF02-42DF-98DD-98DB6180F47A}.Debug|x64.Build.0 = Debug|x64
		{E74BF14F-BF02-42DF-98DD-98DB6180F47A}.Debug|x86.ActiveCfg = Debug|Win32
		{E74BF14F-BF02-42DF-98DD-98DB6180F47A}.Debug|x86.Build.0 = Debug|Win32
		{E74BF14F-BF02-42DF-98DD-98DB6180F47A}.Release|Any CPU.ActiveCfg = Release|Win32
		{E74BF14F-BF02-42DF-98DD-98DB6180F47A}.Release|x64.ActiveCfg = Release|x64
		{E74BF14F-BF02-42DF-98DD-98DB6180F47A}.Release|x64.Build.0 = Release|x64
		{E74BF14F-BF02-42DF-98DD-98DB6180F47A}.Release|x86.ActiveCfg = Release|Win32
		{E74BF14F-BF02-42DF-98DD-98DB6180F47A}.Release|x86.Build.0 = Release|Win32
		{5C7E2841-5572-486D-A8EA-FF5716837F2E}.Debug|Any CPU.ActiveCfg = Debug|Win32
		{5C7E2841-5572-486D-A8EA-FF5716837F2E}.Debug|x64.ActiveCfg = Debug|x64
		{5C7E2841-5572-486D-A8EA-FF5716837F2E}.Debug|x64.Build.0 = Debug|x64
		{5C7E2841-5572-486D-A8EA-FF5716837F2E}.Debug|x86.ActiveCfg = Debug|Win32
		{5C7E2841-5572-486D-A8EA-FF5716837F2E}.Debug|x86.Build.0 = Debug|Win32
		{5C7E2841-5572-486D-A8EA-FF5716837F2E}.Release|Any CPU.ActiveCfg = Release|Win32
		{5C7E2841-5572-486D-A8EA-FF5716837F2E}.Release|x64.ActiveCfg = Release|x64
		{5C7E2841-5572-486D-A8EA-FF5716837F2E}.Release|x64.Build.0 = Release|x64
		{5C7E2841-5572-486D-A8EA-FF5716837F2E}.Release|x86.ActiveCfg = Release|Win32
		{5C7E2841-5572-486D-A8EA-FF5716837F2E}.Release|x86.Build.0 = Release|Win32
	EndGlobalSection
	GlobalSection(SolutionProperties) = preSolution
		HideSolutionNode = FALSE
	EndGlobalSection
EndGlobal
